
Microsoft Visual Studio Solution File, Format Version 12.00
# Visual Studio Version 17
VisualStudioVersion = 17.7.34202.233
MinimumVisualStudioVersion = 10.0.40219.1
Project("{FAE04EC0-301F-11D3-BF4B-00C04F79EFBC}") = "E4_Console_Chart", "E4_Console_Chart\E4_Console_Chart.csproj", "{F1AACEA8-918A-4A16-B4FA-59F2D6B6004F}"
EndProject
Global
	GlobalSection(SolutionConfigurationPlatforms) = preSolution
		Debug|Any CPU = Debug|Any CPU
		Release|Any CPU = Release|Any CPU
	EndGlobalSection
	GlobalSection(ProjectConfigurationPlatforms) = postSolution
		{F1AACEA8-918A-4A16-B4FA-59F2D6B6004F}.Debug|Any CPU.ActiveCfg = Debug|Any CPU
		{F1AACEA8-918A-4A16-B4FA-59F2D6B6004F}.Debug|Any CPU.Build.0 = Debug|Any CPU
		{F1AACEA8-918A-4A16-B4FA-59F2D6B6004F}.Release|Any CPU.ActiveCfg = Release|Any CPU
		{F1AACEA8-918A-4A16-B4FA-59F2D6B6004F}.Release|Any CPU.Build.0 = Release|Any CPU
	EndGlobalSection
	GlobalSection(SolutionProperties) = preSolution
		HideSolutionNode = FALSE
	EndGlobalSection
	GlobalSection(ExtensibilityGlobals) = postSolution
		SolutionGuid = {BE1B9D5F-D83A-4236-9A49-7644AC41074B}
	EndGlobalSection
EndGlobal
